
Microsoft Visual Studio Solution File, Format Version 10.00
# Visual Studio 2008
Project("{FAE04EC0-301F-11D3-BF4B-00C04F79EFBC}") = "WasserWerkVerwaltungGUI", "WasserWerkVerwaltungGUI\WasserWerkVerwaltungGUI.csproj", "{0687BA26-783C-48A0-9BEF-74D3D8CDE2FD}"
EndProject
Project("{FAE04EC0-301F-11D3-BF4B-00C04F79EFBC}") = "WasserWerkVerwaltungCommonObjects", "WasserWerkVerwaltungCommonObjects\WasserWerkVerwaltungCommonObjects.csproj", "{72EA8889-FBBC-485E-B9E9-4C47A35D8E7A}"
EndProject
Project("{FAE04EC0-301F-11D3-BF4B-00C04F79EFBC}") = "WasserWerkVerwaltungDAL", "WasserWerkVerwaltungDAL\WasserWerkVerwaltungDAL.csproj", "{1C12ABA9-0051-44A0-96FE-0A6ED6E28FBC}"
EndProject
Project("{FAE04EC0-301F-11D3-BF4B-00C04F79EFBC}") = "WasserWerkVerwaltungBL", "WasserWerkVerwaltungBL\WasserWerkVerwaltungBL.csproj", "{19857CCA-D1DB-46B5-8156-C5BDBAA9E15D}"
EndProject
Project("{54435603-DBB4-11D2-8724-00A0C9A8B90C}") = "SetupWWV", "SetupWWV\SetupWWV.vdproj", "{139344DF-4C56-4CF9-9155-9F2890B8CE80}"
EndProject
Project("{FAE04EC0-301F-11D3-BF4B-00C04F79EFBC}") = "WasserWerkVerwaltungPrint", "WasserWerkVerwaltungPrint\WasserWerkVerwaltungPrint.csproj", "{DA673AE1-7DAF-40F2-98A4-CE52C2C2B960}"
EndProject
Global
	GlobalSection(SolutionConfigurationPlatforms) = preSolution
		Debug|Any CPU = Debug|Any CPU
		Debug|x86 = Debug|x86
		Release|Any CPU = Release|Any CPU
		Release|x86 = Release|x86
	EndGlobalSection
	GlobalSection(ProjectConfigurationPlatforms) = postSolution
		{0687BA26-783C-48A0-9BEF-74D3D8CDE2FD}.Debug|Any CPU.ActiveCfg = Debug|Any CPU
		{0687BA26-783C-48A0-9BEF-74D3D8CDE2FD}.Debug|Any CPU.Build.0 = Debug|Any CPU
		{0687BA26-783C-48A0-9BEF-74D3D8CDE2FD}.Debug|x86.ActiveCfg = Debug|x86
		{0687BA26-783C-48A0-9BEF-74D3D8CDE2FD}.Debug|x86.Build.0 = Debug|x86
		{0687BA26-783C-48A0-9BEF-74D3D8CDE2FD}.Release|Any CPU.ActiveCfg = Release|Any CPU
		{0687BA26-783C-48A0-9BEF-74D3D8CDE2FD}.Release|Any CPU.Build.0 = Release|Any CPU
		{0687BA26-783C-48A0-9BEF-74D3D8CDE2FD}.Release|x86.ActiveCfg = Release|x86
		{0687BA26-783C-48A0-9BEF-74D3D8CDE2FD}.Release|x86.Build.0 = Release|x86
		{72EA8889-FBBC-485E-B9E9-4C47A35D8E7A}.Debug|Any CPU.ActiveCfg = Debug|Any CPU
		{72EA8889-FBBC-485E-B9E9-4C47A35D8E7A}.Debug|Any CPU.Build.0 = Debug|Any CPU
		{72EA8889-FBBC-485E-B9E9-4C47A35D8E7A}.Debug|x86.ActiveCfg = Debug|x86
		{72EA8889-FBBC-485E-B9E9-4C47A35D8E7A}.Debug|x86.Build.0 = Debug|x86
		{72EA8889-FBBC-485E-B9E9-4C47A35D8E7A}.Release|Any CPU.ActiveCfg = Release|Any CPU
		{72EA8889-FBBC-485E-B9E9-4C47A35D8E7A}.Release|Any CPU.Build.0 = Release|Any CPU
		{72EA8889-FBBC-485E-B9E9-4C47A35D8E7A}.Release|x86.ActiveCfg = Release|x86
		{72EA8889-FBBC-485E-B9E9-4C47A35D8E7A}.Release|x86.Build.0 = Release|x86
		{1C12ABA9-0051-44A0-96FE-0A6ED6E28FBC}.Debug|Any CPU.ActiveCfg = Debug|Any CPU
		{1C12ABA9-0051-44A0-96FE-0A6ED6E28FBC}.Debug|Any CPU.Build.0 = Debug|Any CPU
		{1C12ABA9-0051-44A0-96FE-0A6ED6E28FBC}.Debug|x86.ActiveCfg = Debug|x86
		{1C12ABA9-0051-44A0-96FE-0A6ED6E28FBC}.Debug|x86.Build.0 = Debug|x86
		{1C12ABA9-0051-44A0-96FE-0A6ED6E28FBC}.Release|Any CPU.ActiveCfg = Release|Any CPU
		{1C12ABA9-0051-44A0-96FE-0A6ED6E28FBC}.Release|Any CPU.Build.0 = Release|Any CPU
		{1C12ABA9-0051-44A0-96FE-0A6ED6E28FBC}.Release|x86.ActiveCfg = Release|x86
		{1C12ABA9-0051-44A0-96FE-0A6ED6E28FBC}.Release|x86.Build.0 = Release|x86
		{19857CCA-D1DB-46B5-8156-C5BDBAA9E15D}.Debug|Any CPU.ActiveCfg = Debug|Any CPU
		{19857CCA-D1DB-46B5-8156-C5BDBAA9E15D}.Debug|Any CPU.Build.0 = Debug|Any CPU
		{19857CCA-D1DB-46B5-8156-C5BDBAA9E15D}.Debug|x86.ActiveCfg = Debug|x86
		{19857CCA-D1DB-46B5-8156-C5BDBAA9E15D}.Debug|x86.Build.0 = Debug|x86
		{19857CCA-D1DB-46B5-8156-C5BDBAA9E15D}.Release|Any CPU.ActiveCfg = Release|Any CPU
		{19857CCA-D1DB-46B5-8156-C5BDBAA9E15D}.Release|Any CPU.Build.0 = Release|Any CPU
		{19857CCA-D1DB-46B5-8156-C5BDBAA9E15D}.Release|x86.ActiveCfg = Release|x86
		{19857CCA-D1DB-46B5-8156-C5BDBAA9E15D}.Release|x86.Build.0 = Release|x86
		{139344DF-4C56-4CF9-9155-9F2890B8CE80}.Debug|Any CPU.ActiveCfg = Debug
		{139344DF-4C56-4CF9-9155-9F2890B8CE80}.Debug|x86.ActiveCfg = Debug
		{139344DF-4C56-4CF9-9155-9F2890B8CE80}.Debug|x86.Build.0 = Debug
		{139344DF-4C56-4CF9-9155-9F2890B8CE80}.Release|Any CPU.ActiveCfg = Release
		{139344DF-4C56-4CF9-9155-9F2890B8CE80}.Release|x86.ActiveCfg = Release
		{139344DF-4C56-4CF9-9155-9F2890B8CE80}.Release|x86.Build.0 = Release
		{DA673AE1-7DAF-40F2-98A4-CE52C2C2B960}.Debug|Any CPU.ActiveCfg = Debug|Any CPU
		{DA673AE1-7DAF-40F2-98A4-CE52C2C2B960}.Debug|Any CPU.Build.0 = Debug|Any CPU
		{DA673AE1-7DAF-40F2-98A4-CE52C2C2B960}.Debug|x86.ActiveCfg = Debug|x86
		{DA673AE1-7DAF-40F2-98A4-CE52C2C2B960}.Debug|x86.Build.0 = Debug|x86
		{DA673AE1-7DAF-40F2-98A4-CE52C2C2B960}.Release|Any CPU.ActiveCfg = Release|Any CPU
		{DA673AE1-7DAF-40F2-98A4-CE52C2C2B960}.Release|Any CPU.Build.0 = Release|Any CPU
		{DA673AE1-7DAF-40F2-98A4-CE52C2C2B960}.Release|x86.ActiveCfg = Release|x86
		{DA673AE1-7DAF-40F2-98A4-CE52C2C2B960}.Release|x86.Build.0 = Release|x86
	EndGlobalSection
	GlobalSection(SolutionProperties) = preSolution
		HideSolutionNode = FALSE
	EndGlobalSection
EndGlobal
